// !$*UTF8*$!
{
	archiveVersion = 1;
	classes = {
	};
	objectVersion = 56;
	objects = {

/* Begin PBXBuildFile section */
		EC9D23B52B30CE23008E5A0D /* TrendingMoviesApp.swift in Sources */ = {isa = PBXBuildFile; fileRef = EC9D23B42B30CE23008E5A0D /* TrendingMoviesApp.swift */; };
		EC9D23B92B30CE24008E5A0D /* Assets.xcassets in Resources */ = {isa = PBXBuildFile; fileRef = EC9D23B82B30CE24008E5A0D /* Assets.xcassets */; };
		EC9D23BC2B30CE24008E5A0D /* Preview Assets.xcassets in Resources */ = {isa = PBXBuildFile; fileRef = EC9D23BB2B30CE24008E5A0D /* Preview Assets.xcassets */; };
		EC9D23D02B30CE25008E5A0D /* TrendingMoviesUITests.swift in Sources */ = {isa = PBXBuildFile; fileRef = EC9D23CF2B30CE25008E5A0D /* TrendingMoviesUITests.swift */; };
		EC9D23DF2B30CF6F008E5A0D /* APIService.swift in Sources */ = {isa = PBXBuildFile; fileRef = EC9D23DE2B30CF6F008E5A0D /* APIService.swift */; };
		EC9D23E12B30CF92008E5A0D /* MovieService.swift in Sources */ = {isa = PBXBuildFile; fileRef = EC9D23E02B30CF92008E5A0D /* MovieService.swift */; };
		EC9D23E32B30D056008E5A0D /* Movie.swift in Sources */ = {isa = PBXBuildFile; fileRef = EC9D23E22B30D056008E5A0D /* Movie.swift */; };
		EC9D23E52B30D062008E5A0D /* MovieResponse.swift in Sources */ = {isa = PBXBuildFile; fileRef = EC9D23E42B30D062008E5A0D /* MovieResponse.swift */; };
		EC9D23E72B30D088008E5A0D /* MoviesViewModel.swift in Sources */ = {isa = PBXBuildFile; fileRef = EC9D23E62B30D088008E5A0D /* MoviesViewModel.swift */; };
		EC9D23E92B30D0E6008E5A0D /* MoviesView.swift in Sources */ = {isa = PBXBuildFile; fileRef = EC9D23E82B30D0E6008E5A0D /* MoviesView.swift */; };
		EC9D23EE2B30D4C1008E5A0D /* AppConstants.swift in Sources */ = {isa = PBXBuildFile; fileRef = EC9D23ED2B30D4C1008E5A0D /* AppConstants.swift */; };
		EC9D23F02B30D545008E5A0D /* MoviesEndpointType.swift in Sources */ = {isa = PBXBuildFile; fileRef = EC9D23EF2B30D545008E5A0D /* MoviesEndpointType.swift */; };
		EC9D23F22B30D640008E5A0D /* MovieRowView.swift in Sources */ = {isa = PBXBuildFile; fileRef = EC9D23F12B30D640008E5A0D /* MovieRowView.swift */; };
		EC9D23F42B30D65E008E5A0D /* AsyncImageView.swift in Sources */ = {isa = PBXBuildFile; fileRef = EC9D23F32B30D65E008E5A0D /* AsyncImageView.swift */; };
		EC9D23F62B30D7B1008E5A0D /* MovieDetailView.swift in Sources */ = {isa = PBXBuildFile; fileRef = EC9D23F52B30D7B1008E5A0D /* MovieDetailView.swift */; };
		EC9D23F82B30DAF0008E5A0D /* MovieDetail.swift in Sources */ = {isa = PBXBuildFile; fileRef = EC9D23F72B30DAF0008E5A0D /* MovieDetail.swift */; };
		EC9D23FA2B30DAFF008E5A0D /* MovieDetailViewModel.swift in Sources */ = {isa = PBXBuildFile; fileRef = EC9D23F92B30DAFF008E5A0D /* MovieDetailViewModel.swift */; };
		EC9D23FD2B30EAB7008E5A0D /* MockURLSession.swift in Sources */ = {isa = PBXBuildFile; fileRef = EC9D23FC2B30EAB7008E5A0D /* MockURLSession.swift */; };
		EC9D23FF2B30EB2C008E5A0D /* APIServiceTests.swift in Sources */ = {isa = PBXBuildFile; fileRef = EC9D23FE2B30EB2C008E5A0D /* APIServiceTests.swift */; };
		EC9D24022B30EB5B008E5A0D /* URLSession.swift in Sources */ = {isa = PBXBuildFile; fileRef = EC9D24012B30EB5B008E5A0D /* URLSession.swift */; };
		EC9D24072B30ECF2008E5A0D /* MockNetworkService.swift in Sources */ = {isa = PBXBuildFile; fileRef = EC9D24052B30ECF2008E5A0D /* MockNetworkService.swift */; };
		EC9D240A2B3103FB008E5A0D /* MovieServiceTests.swift in Sources */ = {isa = PBXBuildFile; fileRef = EC9D24082B3103FB008E5A0D /* MovieServiceTests.swift */; };
		EC9D240C2B310830008E5A0D /* AccessibilityIdentifiers.swift in Sources */ = {isa = PBXBuildFile; fileRef = EC9D240B2B310830008E5A0D /* AccessibilityIdentifiers.swift */; };
		EC9D24112B310B01008E5A0D /* AccessibilityIdentifiers.swift in Sources */ = {isa = PBXBuildFile; fileRef = EC9D240B2B310830008E5A0D /* AccessibilityIdentifiers.swift */; };
/* End PBXBuildFile section */

/* Begin PBXContainerItemProxy section */
		EC9D23C22B30CE25008E5A0D /* PBXContainerItemProxy */ = {
			isa = PBXContainerItemProxy;
			containerPortal = EC9D23A92B30CE23008E5A0D /* Project object */;
			proxyType = 1;
			remoteGlobalIDString = EC9D23B02B30CE23008E5A0D;
			remoteInfo = TrendingMovies;
		};
		EC9D23CC2B30CE25008E5A0D /* PBXContainerItemProxy */ = {
			isa = PBXContainerItemProxy;
			containerPortal = EC9D23A92B30CE23008E5A0D /* Project object */;
			proxyType = 1;
			remoteGlobalIDString = EC9D23B02B30CE23008E5A0D;
			remoteInfo = TrendingMovies;
		};
/* End PBXContainerItemProxy section */

/* Begin PBXFileReference section */
		EC9D23B12B30CE23008E5A0D /* TrendingMovies.app */ = {isa = PBXFileReference; explicitFileType = wrapper.application; includeInIndex = 0; path = TrendingMovies.app; sourceTree = BUILT_PRODUCTS_DIR; };
		EC9D23B42B30CE23008E5A0D /* TrendingMoviesApp.swift */ = {isa = PBXFileReference; lastKnownFileType = sourcecode.swift; path = TrendingMoviesApp.swift; sourceTree = "<group>"; };
		EC9D23B82B30CE24008E5A0D /* Assets.xcassets */ = {isa = PBXFileReference; lastKnownFileType = folder.assetcatalog; path = Assets.xcassets; sourceTree = "<group>"; };
		EC9D23BB2B30CE24008E5A0D /* Preview Assets.xcassets */ = {isa = PBXFileReference; lastKnownFileType = folder.assetcatalog; path = "Preview Assets.xcassets"; sourceTree = "<group>"; };
		EC9D23C12B30CE25008E5A0D /* TrendingMoviesTests.xctest */ = {isa = PBXFileReference; explicitFileType = wrapper.cfbundle; includeInIndex = 0; path = TrendingMoviesTests.xctest; sourceTree = BUILT_PRODUCTS_DIR; };
		EC9D23CB2B30CE25008E5A0D /* TrendingMoviesUITests.xctest */ = {isa = PBXFileReference; explicitFileType = wrapper.cfbundle; includeInIndex = 0; path = TrendingMoviesUITests.xctest; sourceTree = BUILT_PRODUCTS_DIR; };
		EC9D23CF2B30CE25008E5A0D /* TrendingMoviesUITests.swift */ = {isa = PBXFileReference; lastKnownFileType = sourcecode.swift; path = TrendingMoviesUITests.swift; sourceTree = "<group>"; };
		EC9D23DE2B30CF6F008E5A0D /* APIService.swift */ = {isa = PBXFileReference; lastKnownFileType = sourcecode.swift; path = APIService.swift; sourceTree = "<group>"; };
		EC9D23E02B30CF92008E5A0D /* MovieService.swift */ = {isa = PBXFileReference; lastKnownFileType = sourcecode.swift; path = MovieService.swift; sourceTree = "<group>"; };
		EC9D23E22B30D056008E5A0D /* Movie.swift */ = {isa = PBXFileReference; lastKnownFileType = sourcecode.swift; path = Movie.swift; sourceTree = "<group>"; };
		EC9D23E42B30D062008E5A0D /* MovieResponse.swift */ = {isa = PBXFileReference; lastKnownFileType = sourcecode.swift; path = MovieResponse.swift; sourceTree = "<group>"; };
		EC9D23E62B30D088008E5A0D /* MoviesViewModel.swift */ = {isa = PBXFileReference; lastKnownFileType = sourcecode.swift; path = MoviesViewModel.swift; sourceTree = "<group>"; };
		EC9D23E82B30D0E6008E5A0D /* MoviesView.swift */ = {isa = PBXFileReference; lastKnownFileType = sourcecode.swift; path = MoviesView.swift; sourceTree = "<group>"; };
		EC9D23ED2B30D4C1008E5A0D /* AppConstants.swift */ = {isa = PBXFileReference; lastKnownFileType = sourcecode.swift; path = AppConstants.swift; sourceTree = "<group>"; };
		EC9D23EF2B30D545008E5A0D /* MoviesEndpointType.swift */ = {isa = PBXFileReference; lastKnownFileType = sourcecode.swift; path = MoviesEndpointType.swift; sourceTree = "<group>"; };
		EC9D23F12B30D640008E5A0D /* MovieRowView.swift */ = {isa = PBXFileReference; lastKnownFileType = sourcecode.swift; path = MovieRowView.swift; sourceTree = "<group>"; };
		EC9D23F32B30D65E008E5A0D /* AsyncImageView.swift */ = {isa = PBXFileReference; lastKnownFileType = sourcecode.swift; path = AsyncImageView.swift; sourceTree = "<group>"; };
		EC9D23F52B30D7B1008E5A0D /* MovieDetailView.swift */ = {isa = PBXFileReference; lastKnownFileType = sourcecode.swift; path = MovieDetailView.swift; sourceTree = "<group>"; };
		EC9D23F72B30DAF0008E5A0D /* MovieDetail.swift */ = {isa = PBXFileReference; lastKnownFileType = sourcecode.swift; path = MovieDetail.swift; sourceTree = "<group>"; };
		EC9D23F92B30DAFF008E5A0D /* MovieDetailViewModel.swift */ = {isa = PBXFileReference; lastKnownFileType = sourcecode.swift; path = MovieDetailViewModel.swift; sourceTree = "<group>"; };
		EC9D23FC2B30EAB7008E5A0D /* MockURLSession.swift */ = {isa = PBXFileReference; lastKnownFileType = sourcecode.swift; path = MockURLSession.swift; sourceTree = "<group>"; };
		EC9D23FE2B30EB2C008E5A0D /* APIServiceTests.swift */ = {isa = PBXFileReference; lastKnownFileType = sourcecode.swift; path = APIServiceTests.swift; sourceTree = "<group>"; };
		EC9D24012B30EB5B008E5A0D /* URLSession.swift */ = {isa = PBXFileReference; lastKnownFileType = sourcecode.swift; path = URLSession.swift; sourceTree = "<group>"; };
		EC9D24052B30ECF2008E5A0D /* MockNetworkService.swift */ = {isa = PBXFileReference; lastKnownFileType = sourcecode.swift; path = MockNetworkService.swift; sourceTree = "<group>"; };
		EC9D24082B3103FB008E5A0D /* MovieServiceTests.swift */ = {isa = PBXFileReference; lastKnownFileType = sourcecode.swift; path = MovieServiceTests.swift; sourceTree = "<group>"; };
		EC9D240B2B310830008E5A0D /* AccessibilityIdentifiers.swift */ = {isa = PBXFileReference; lastKnownFileType = sourcecode.swift; path = AccessibilityIdentifiers.swift; sourceTree = "<group>"; };
/* End PBXFileReference section */

/* Begin PBXFrameworksBuildPhase section */
		EC9D23AE2B30CE23008E5A0D /* Frameworks */ = {
			isa = PBXFrameworksBuildPhase;
			buildActionMask = 2147483647;
			files = (
			);
			runOnlyForDeploymentPostprocessing = 0;
		};
		EC9D23BE2B30CE25008E5A0D /* Frameworks */ = {
			isa = PBXFrameworksBuildPhase;
			buildActionMask = 2147483647;
			files = (
			);
			runOnlyForDeploymentPostprocessing = 0;
		};
		EC9D23C82B30CE25008E5A0D /* Frameworks */ = {
			isa = PBXFrameworksBuildPhase;
			buildActionMask = 2147483647;
			files = (
			);
			runOnlyForDeploymentPostprocessing = 0;
		};
/* End PBXFrameworksBuildPhase section */

/* Begin PBXGroup section */
		EC9D23A82B30CE23008E5A0D = {
			isa = PBXGroup;
			children = (
				EC9D23B32B30CE23008E5A0D /* TrendingMovies */,
				EC9D23C42B30CE25008E5A0D /* TrendingMoviesTests */,
				EC9D23CE2B30CE25008E5A0D /* TrendingMoviesUITests */,
				EC9D23B22B30CE23008E5A0D /* Products */,
			);
			sourceTree = "<group>";
		};
		EC9D23B22B30CE23008E5A0D /* Products */ = {
			isa = PBXGroup;
			children = (
				EC9D23B12B30CE23008E5A0D /* TrendingMovies.app */,
				EC9D23C12B30CE25008E5A0D /* TrendingMoviesTests.xctest */,
				EC9D23CB2B30CE25008E5A0D /* TrendingMoviesUITests.xctest */,
			);
			name = Products;
			sourceTree = "<group>";
		};
		EC9D23B32B30CE23008E5A0D /* TrendingMovies */ = {
			isa = PBXGroup;
			children = (
				EC9D23B42B30CE23008E5A0D /* TrendingMoviesApp.swift */,
				EC9D23F32B30D65E008E5A0D /* AsyncImageView.swift */,
				EC9D23ED2B30D4C1008E5A0D /* AppConstants.swift */,
				EC9D240B2B310830008E5A0D /* AccessibilityIdentifiers.swift */,
				EC9D23EC2B30D0FA008E5A0D /* Models */,
				EC9D240E2B31086F008E5A0D /* Managers */,
				EC9D23EB2B30D0F2008E5A0D /* Modules */,
				EC9D23B82B30CE24008E5A0D /* Assets.xcassets */,
				EC9D23BA2B30CE24008E5A0D /* Preview Content */,
			);
			path = TrendingMovies;
			sourceTree = "<group>";
		};
		EC9D23BA2B30CE24008E5A0D /* Preview Content */ = {
			isa = PBXGroup;
			children = (
				EC9D23BB2B30CE24008E5A0D /* Preview Assets.xcassets */,
			);
			path = "Preview Content";
			sourceTree = "<group>";
		};
		EC9D23C42B30CE25008E5A0D /* TrendingMoviesTests */ = {
			isa = PBXGroup;
			children = (
				EC9D24002B30EB31008E5A0D /* Mocks */,
				EC9D23FE2B30EB2C008E5A0D /* APIServiceTests.swift */,
				EC9D24082B3103FB008E5A0D /* MovieServiceTests.swift */,
			);
			path = TrendingMoviesTests;
			sourceTree = "<group>";
		};
		EC9D23CE2B30CE25008E5A0D /* TrendingMoviesUITests */ = {
			isa = PBXGroup;
			children = (
				EC9D23CF2B30CE25008E5A0D /* TrendingMoviesUITests.swift */,
			);
			path = TrendingMoviesUITests;
			sourceTree = "<group>";
		};
		EC9D23EA2B30D0EB008E5A0D /* Movies */ = {
			isa = PBXGroup;
			children = (
				EC9D23E82B30D0E6008E5A0D /* MoviesView.swift */,
				EC9D23F12B30D640008E5A0D /* MovieRowView.swift */,
				EC9D23E62B30D088008E5A0D /* MoviesViewModel.swift */,
			);
			path = Movies;
			sourceTree = "<group>";
		};
		EC9D23EB2B30D0F2008E5A0D /* Modules */ = {
			isa = PBXGroup;
			children = (
				EC9D23EA2B30D0EB008E5A0D /* Movies */,
				EC9D23FB2B30E8DF008E5A0D /* MovieDetail */,
			);
			path = Modules;
			sourceTree = "<group>";
		};
		EC9D23EC2B30D0FA008E5A0D /* Models */ = {
			isa = PBXGroup;
			children = (
				EC9D23E22B30D056008E5A0D /* Movie.swift */,
				EC9D23E42B30D062008E5A0D /* MovieResponse.swift */,
				EC9D23F72B30DAF0008E5A0D /* MovieDetail.swift */,
			);
			path = Models;
			sourceTree = "<group>";
		};
		EC9D23FB2B30E8DF008E5A0D /* MovieDetail */ = {
			isa = PBXGroup;
			children = (
				EC9D23F52B30D7B1008E5A0D /* MovieDetailView.swift */,
				EC9D23F92B30DAFF008E5A0D /* MovieDetailViewModel.swift */,
			);
			path = MovieDetail;
			sourceTree = "<group>";
		};
		EC9D24002B30EB31008E5A0D /* Mocks */ = {
			isa = PBXGroup;
			children = (
				EC9D23FC2B30EAB7008E5A0D /* MockURLSession.swift */,
				EC9D24052B30ECF2008E5A0D /* MockNetworkService.swift */,
			);
			path = Mocks;
			sourceTree = "<group>";
		};
		EC9D24042B30EB5F008E5A0D /* Networking */ = {
			isa = PBXGroup;
			children = (
				EC9D24012B30EB5B008E5A0D /* URLSession.swift */,
				EC9D23DE2B30CF6F008E5A0D /* APIService.swift */,
			);
			path = Networking;
			sourceTree = "<group>";
		};
		EC9D240E2B31086F008E5A0D /* Managers */ = {
			isa = PBXGroup;
			children = (
				EC9D240F2B310879008E5A0D /* Movies */,
				EC9D24042B30EB5F008E5A0D /* Networking */,
			);
			path = Managers;
			sourceTree = "<group>";
		};
		EC9D240F2B310879008E5A0D /* Movies */ = {
			isa = PBXGroup;
			children = (
				EC9D23E02B30CF92008E5A0D /* MovieService.swift */,
				EC9D23EF2B30D545008E5A0D /* MoviesEndpointType.swift */,
			);
			path = Movies;
			sourceTree = "<group>";
		};
/* End PBXGroup section */

/* Begin PBXNativeTarget section */
		EC9D23B02B30CE23008E5A0D /* TrendingMovies */ = {
			isa = PBXNativeTarget;
			buildConfigurationList = EC9D23D52B30CE25008E5A0D /* Build configuration list for PBXNativeTarget "TrendingMovies" */;
			buildPhases = (
				EC9D23AD2B30CE23008E5A0D /* Sources */,
				EC9D23AE2B30CE23008E5A0D /* Frameworks */,
				EC9D23AF2B30CE23008E5A0D /* Resources */,
			);
			buildRules = (
			);
			dependencies = (
			);
			name = TrendingMovies;
			productName = TrendingMovies;
			productReference = EC9D23B12B30CE23008E5A0D /* TrendingMovies.app */;
			productType = "com.apple.product-type.application";
		};
		EC9D23C02B30CE25008E5A0D /* TrendingMoviesTests */ = {
			isa = PBXNativeTarget;
			buildConfigurationList = EC9D23D82B30CE25008E5A0D /* Build configuration list for PBXNativeTarget "TrendingMoviesTests" */;
			buildPhases = (
				EC9D23BD2B30CE25008E5A0D /* Sources */,
				EC9D23BE2B30CE25008E5A0D /* Frameworks */,
				EC9D23BF2B30CE25008E5A0D /* Resources */,
			);
			buildRules = (
			);
			dependencies = (
				EC9D23C32B30CE25008E5A0D /* PBXTargetDependency */,
			);
			name = TrendingMoviesTests;
			productName = TrendingMoviesTests;
			productReference = EC9D23C12B30CE25008E5A0D /* TrendingMoviesTests.xctest */;
			productType = "com.apple.product-type.bundle.unit-test";
		};
		EC9D23CA2B30CE25008E5A0D /* TrendingMoviesUITests */ = {
			isa = PBXNativeTarget;
			buildConfigurationList = EC9D23DB2B30CE25008E5A0D /* Build configuration list for PBXNativeTarget "TrendingMoviesUITests" */;
			buildPhases = (
				EC9D23C72B30CE25008E5A0D /* Sources */,
				EC9D23C82B30CE25008E5A0D /* Frameworks */,
				EC9D23C92B30CE25008E5A0D /* Resources */,
			);
			buildRules = (
			);
			dependencies = (
				EC9D23CD2B30CE25008E5A0D /* PBXTargetDependency */,
			);
			name = TrendingMoviesUITests;
			productName = TrendingMoviesUITests;
			productReference = EC9D23CB2B30CE25008E5A0D /* TrendingMoviesUITests.xctest */;
			productType = "com.apple.product-type.bundle.ui-testing";
		};
/* End PBXNativeTarget section */

/* Begin PBXProject section */
		EC9D23A92B30CE23008E5A0D /* Project object */ = {
			isa = PBXProject;
			attributes = {
				BuildIndependentTargetsInParallel = 1;
				LastSwiftUpdateCheck = 1420;
				LastUpgradeCheck = 1420;
				TargetAttributes = {
					EC9D23B02B30CE23008E5A0D = {
						CreatedOnToolsVersion = 14.2;
					};
					EC9D23C02B30CE25008E5A0D = {
						CreatedOnToolsVersion = 14.2;
						TestTargetID = EC9D23B02B30CE23008E5A0D;
					};
					EC9D23CA2B30CE25008E5A0D = {
						CreatedOnToolsVersion = 14.2;
						TestTargetID = EC9D23B02B30CE23008E5A0D;
					};
				};
			};
			buildConfigurationList = EC9D23AC2B30CE23008E5A0D /* Build configuration list for PBXProject "TrendingMovies" */;
			compatibilityVersion = "Xcode 14.0";
			developmentRegion = en;
			hasScannedForEncodings = 0;
			knownRegions = (
				en,
				Base,
			);
			mainGroup = EC9D23A82B30CE23008E5A0D;
			productRefGroup = EC9D23B22B30CE23008E5A0D /* Products */;
			projectDirPath = "";
			projectRoot = "";
			targets = (
				EC9D23B02B30CE23008E5A0D /* TrendingMovies */,
				EC9D23C02B30CE25008E5A0D /* TrendingMoviesTests */,
				EC9D23CA2B30CE25008E5A0D /* TrendingMoviesUITests */,
			);
		};
/* End PBXProject section */

/* Begin PBXResourcesBuildPhase section */
		EC9D23AF2B30CE23008E5A0D /* Resources */ = {
			isa = PBXResourcesBuildPhase;
			buildActionMask = 2147483647;
			files = (
				EC9D23BC2B30CE24008E5A0D /* Preview Assets.xcassets in Resources */,
				EC9D23B92B30CE24008E5A0D /* Assets.xcassets in Resources */,
			);
			runOnlyForDeploymentPostprocessing = 0;
		};
		EC9D23BF2B30CE25008E5A0D /* Resources */ = {
			isa = PBXResourcesBuildPhase;
			buildActionMask = 2147483647;
			files = (
			);
			runOnlyForDeploymentPostprocessing = 0;
		};
		EC9D23C92B30CE25008E5A0D /* Resources */ = {
			isa = PBXResourcesBuildPhase;
			buildActionMask = 2147483647;
			files = (
			);
			runOnlyForDeploymentPostprocessing = 0;
		};
/* End PBXResourcesBuildPhase section */

/* Begin PBXSourcesBuildPhase section */
		EC9D23AD2B30CE23008E5A0D /* Sources */ = {
			isa = PBXSourcesBuildPhase;
			buildActionMask = 2147483647;
			files = (
				EC9D23F82B30DAF0008E5A0D /* MovieDetail.swift in Sources */,
				EC9D24022B30EB5B008E5A0D /* URLSession.swift in Sources */,
				EC9D23EE2B30D4C1008E5A0D /* AppConstants.swift in Sources */,
				EC9D240C2B310830008E5A0D /* AccessibilityIdentifiers.swift in Sources */,
				EC9D23E92B30D0E6008E5A0D /* MoviesView.swift in Sources */,
				EC9D23DF2B30CF6F008E5A0D /* APIService.swift in Sources */,
				EC9D23E12B30CF92008E5A0D /* MovieService.swift in Sources */,
				EC9D23F02B30D545008E5A0D /* MoviesEndpointType.swift in Sources */,
				EC9D23E52B30D062008E5A0D /* MovieResponse.swift in Sources */,
				EC9D23F62B30D7B1008E5A0D /* MovieDetailView.swift in Sources */,
				EC9D23F22B30D640008E5A0D /* MovieRowView.swift in Sources */,
				EC9D23E72B30D088008E5A0D /* MoviesViewModel.swift in Sources */,
				EC9D23FA2B30DAFF008E5A0D /* MovieDetailViewModel.swift in Sources */,
				EC9D23B52B30CE23008E5A0D /* TrendingMoviesApp.swift in Sources */,
				EC9D23E32B30D056008E5A0D /* Movie.swift in Sources */,
				EC9D23F42B30D65E008E5A0D /* AsyncImageView.swift in Sources */,
			);
			runOnlyForDeploymentPostprocessing = 0;
		};
		EC9D23BD2B30CE25008E5A0D /* Sources */ = {
			isa = PBXSourcesBuildPhase;
			buildActionMask = 2147483647;
			files = (
				EC9D24072B30ECF2008E5A0D /* MockNetworkService.swift in Sources */,
				EC9D23FF2B30EB2C008E5A0D /* APIServiceTests.swift in Sources */,
				EC9D240A2B3103FB008E5A0D /* MovieServiceTests.swift in Sources */,
				EC9D23FD2B30EAB7008E5A0D /* MockURLSession.swift in Sources */,
			);
			runOnlyForDeploymentPostprocessing = 0;
		};
		EC9D23C72B30CE25008E5A0D /* Sources */ = {
			isa = PBXSourcesBuildPhase;
			buildActionMask = 2147483647;
			files = (
				EC9D24112B310B01008E5A0D /* AccessibilityIdentifiers.swift in Sources */,
				EC9D23D02B30CE25008E5A0D /* TrendingMoviesUITests.swift in Sources */,
			);
			runOnlyForDeploymentPostprocessing = 0;
		};
/* End PBXSourcesBuildPhase section */

/* Begin PBXTargetDependency section */
		EC9D23C32B30CE25008E5A0D /* PBXTargetDependency */ = {
			isa = PBXTargetDependency;
			target = EC9D23B02B30CE23008E5A0D /* TrendingMovies */;
			targetProxy = EC9D23C22B30CE25008E5A0D /* PBXContainerItemProxy */;
		};
		EC9D23CD2B30CE25008E5A0D /* PBXTargetDependency */ = {
			isa = PBXTargetDependency;
			target = EC9D23B02B30CE23008E5A0D /* TrendingMovies */;
			targetProxy = EC9D23CC2B30CE25008E5A0D /* PBXContainerItemProxy */;
		};
/* End PBXTargetDependency section */

/* Begin XCBuildConfiguration section */
		EC9D23D32B30CE25008E5A0D /* Debug */ = {
			isa = XCBuildConfiguration;
			buildSettings = {
				ALWAYS_SEARCH_USER_PATHS = NO;
				CLANG_ANALYZER_NONNULL = YES;
				CLANG_ANALYZER_NUMBER_OBJECT_CONVERSION = YES_AGGRESSIVE;
				CLANG_CXX_LANGUAGE_STANDARD = "gnu++20";
				CLANG_ENABLE_MODULES = YES;
				CLANG_ENABLE_OBJC_ARC = YES;
				CLANG_ENABLE_OBJC_WEAK = YES;
				CLANG_WARN_BLOCK_CAPTURE_AUTORELEASING = YES;
				CLANG_WARN_BOOL_CONVERSION = YES;
				CLANG_WARN_COMMA = YES;
				CLANG_WARN_CONSTANT_CONVERSION = YES;
				CLANG_WARN_DEPRECATED_OBJC_IMPLEMENTATIONS = YES;
				CLANG_WARN_DIRECT_OBJC_ISA_USAGE = YES_ERROR;
				CLANG_WARN_DOCUMENTATION_COMMENTS = YES;
				CLANG_WARN_EMPTY_BODY = YES;
				CLANG_WARN_ENUM_CONVERSION = YES;
				CLANG_WARN_INFINITE_RECURSION = YES;
				CLANG_WARN_INT_CONVERSION = YES;
				CLANG_WARN_NON_LITERAL_NULL_CONVERSION = YES;
				CLANG_WARN_OBJC_IMPLICIT_RETAIN_SELF = YES;
				CLANG_WARN_OBJC_LITERAL_CONVERSION = YES;
				CLANG_WARN_OBJC_ROOT_CLASS = YES_ERROR;
				CLANG_WARN_QUOTED_INCLUDE_IN_FRAMEWORK_HEADER = YES;
				CLANG_WARN_RANGE_LOOP_ANALYSIS = YES;
				CLANG_WARN_STRICT_PROTOTYPES = YES;
				CLANG_WARN_SUSPICIOUS_MOVE = YES;
				CLANG_WARN_UNGUARDED_AVAILABILITY = YES_AGGRESSIVE;
				CLANG_WARN_UNREACHABLE_CODE = YES;
				CLANG_WARN__DUPLICATE_METHOD_MATCH = YES;
				COPY_PHASE_STRIP = NO;
				DEBUG_INFORMATION_FORMAT = dwarf;
				ENABLE_STRICT_OBJC_MSGSEND = YES;
				ENABLE_TESTABILITY = YES;
				GCC_C_LANGUAGE_STANDARD = gnu11;
				GCC_DYNAMIC_NO_PIC = NO;
				GCC_NO_COMMON_BLOCKS = YES;
				GCC_OPTIMIZATION_LEVEL = 0;
				GCC_PREPROCESSOR_DEFINITIONS = (
					"DEBUG=1",
					"$(inherited)",
				);
				GCC_WARN_64_TO_32_BIT_CONVERSION = YES;
				GCC_WARN_ABOUT_RETURN_TYPE = YES_ERROR;
				GCC_WARN_UNDECLARED_SELECTOR = YES;
				GCC_WARN_UNINITIALIZED_AUTOS = YES_AGGRESSIVE;
				GCC_WARN_UNUSED_FUNCTION = YES;
				GCC_WARN_UNUSED_VARIABLE = YES;
				IPHONEOS_DEPLOYMENT_TARGET = 15.0;
				MTL_ENABLE_DEBUG_INFO = INCLUDE_SOURCE;
				MTL_FAST_MATH = YES;
				ONLY_ACTIVE_ARCH = YES;
				SDKROOT = iphoneos;
				SWIFT_ACTIVE_COMPILATION_CONDITIONS = DEBUG;
				SWIFT_OPTIMIZATION_LEVEL = "-Onone";
			};
			name = Debug;
		};
		EC9D23D42B30CE25008E5A0D /* Release */ = {
			isa = XCBuildConfiguration;
			buildSettings = {
				ALWAYS_SEARCH_USER_PATHS = NO;
				CLANG_ANALYZER_NONNULL = YES;
				CLANG_ANALYZER_NUMBER_OBJECT_CONVERSION = YES_AGGRESSIVE;
				CLANG_CXX_LANGUAGE_STANDARD = "gnu++20";
				CLANG_ENABLE_MODULES = YES;
				CLANG_ENABLE_OBJC_ARC = YES;
				CLANG_ENABLE_OBJC_WEAK = YES;
				CLANG_WARN_BLOCK_CAPTURE_AUTORELEASING = YES;
				CLANG_WARN_BOOL_CONVERSION = YES;
				CLANG_WARN_COMMA = YES;
				CLANG_WARN_CONSTANT_CONVERSION = YES;
				CLANG_WARN_DEPRECATED_OBJC_IMPLEMENTATIONS = YES;
				CLANG_WARN_DIRECT_OBJC_ISA_USAGE = YES_ERROR;
				CLANG_WARN_DOCUMENTATION_COMMENTS = YES;
				CLANG_WARN_EMPTY_BODY = YES;
				CLANG_WARN_ENUM_CONVERSION = YES;
				CLANG_WARN_INFINITE_RECURSION = YES;
				CLANG_WARN_INT_CONVERSION = YES;
				CLANG_WARN_NON_LITERAL_NULL_CONVERSION = YES;
				CLANG_WARN_OBJC_IMPLICIT_RETAIN_SELF = YES;
				CLANG_WARN_OBJC_LITERAL_CONVERSION = YES;
				CLANG_WARN_OBJC_ROOT_CLASS = YES_ERROR;
				CLANG_WARN_QUOTED_INCLUDE_IN_FRAMEWORK_HEADER = YES;
				CLANG_WARN_RANGE_LOOP_ANALYSIS = YES;
				CLANG_WARN_STRICT_PROTOTYPES = YES;
				CLANG_WARN_SUSPICIOUS_MOVE = YES;
				CLANG_WARN_UNGUARDED_AVAILABILITY = YES_AGGRESSIVE;
				CLANG_WARN_UNREACHABLE_CODE = YES;
				CLANG_WARN__DUPLICATE_METHOD_MATCH = YES;
				COPY_PHASE_STRIP = NO;
				DEBUG_INFORMATION_FORMAT = "dwarf-with-dsym";
				ENABLE_NS_ASSERTIONS = NO;
				ENABLE_STRICT_OBJC_MSGSEND = YES;
				GCC_C_LANGUAGE_STANDARD = gnu11;
				GCC_NO_COMMON_BLOCKS = YES;
				GCC_WARN_64_TO_32_BIT_CONVERSION = YES;
				GCC_WARN_ABOUT_RETURN_TYPE = YES_ERROR;
				GCC_WARN_UNDECLARED_SELECTOR = YES;
				GCC_WARN_UNINITIALIZED_AUTOS = YES_AGGRESSIVE;
				GCC_WARN_UNUSED_FUNCTION = YES;
				GCC_WARN_UNUSED_VARIABLE = YES;
				IPHONEOS_DEPLOYMENT_TARGET = 15.0;
				MTL_ENABLE_DEBUG_INFO = NO;
				MTL_FAST_MATH = YES;
				SDKROOT = iphoneos;
				SWIFT_COMPILATION_MODE = wholemodule;
				SWIFT_OPTIMIZATION_LEVEL = "-O";
				VALIDATE_PRODUCT = YES;
			};
			name = Release;
		};
		EC9D23D62B30CE25008E5A0D /* Debug */ = {
			isa = XCBuildConfiguration;
			buildSettings = {
				ASSETCATALOG_COMPILER_APPICON_NAME = AppIcon;
				ASSETCATALOG_COMPILER_GLOBAL_ACCENT_COLOR_NAME = AccentColor;
				CODE_SIGN_STYLE = Automatic;
				CURRENT_PROJECT_VERSION = 1;
				DEVELOPMENT_ASSET_PATHS = "\"TrendingMovies/Preview Content\"";
				DEVELOPMENT_TEAM = PQVP6Z8X66;
				ENABLE_PREVIEWS = YES;
				GENERATE_INFOPLIST_FILE = YES;
				INFOPLIST_KEY_UIApplicationSceneManifest_Generation = YES;
				INFOPLIST_KEY_UIApplicationSupportsIndirectInputEvents = YES;
				INFOPLIST_KEY_UILaunchScreen_Generation = YES;
				INFOPLIST_KEY_UISupportedInterfaceOrientations = UIInterfaceOrientationPortrait;
				INFOPLIST_KEY_UISupportedInterfaceOrientations_iPad = "UIInterfaceOrientationLandscapeLeft UIInterfaceOrientationLandscapeRight UIInterfaceOrientationPortrait UIInterfaceOrientationPortraitUpsideDown";
				LD_RUNPATH_SEARCH_PATHS = (
					"$(inherited)",
					"@executable_path/Frameworks",
				);
				MARKETING_VERSION = 1.0;
				PRODUCT_BUNDLE_IDENTIFIER = com.example.TrendingMovies;
				PRODUCT_NAME = "$(TARGET_NAME)";
				SWIFT_EMIT_LOC_STRINGS = YES;
				SWIFT_VERSION = 5.0;
				TARGETED_DEVICE_FAMILY = "1,2";
			};
			name = Debug;
		};
		EC9D23D72B30CE25008E5A0D /* Release */ = {
			isa = XCBuildConfiguration;
			buildSettings = {
				ASSETCATALOG_COMPILER_APPICON_NAME = AppIcon;
				ASSETCATALOG_COMPILER_GLOBAL_ACCENT_COLOR_NAME = AccentColor;
				CODE_SIGN_STYLE = Automatic;
				CURRENT_PROJECT_VERSION = 1;
				DEVELOPMENT_ASSET_PATHS = "\"TrendingMovies/Preview Content\"";
				DEVELOPMENT_TEAM = PQVP6Z8X66;
				ENABLE_PREVIEWS = YES;
				GENERATE_INFOPLIST_FILE = YES;
				INFOPLIST_KEY_UIApplicationSceneManifest_Generation = YES;
				INFOPLIST_KEY_UIApplicationSupportsIndirectInputEvents = YES;
				INFOPLIST_KEY_UILaunchScreen_Generation = YES;
				INFOPLIST_KEY_UISupportedInterfaceOrientations = UIInterfaceOrientationPortrait;
				INFOPLIST_KEY_UISupportedInterfaceOrientations_iPad = "UIInterfaceOrientationLandscapeLeft UIInterfaceOrientationLandscapeRight UIInterfaceOrientationPortrait UIInterfaceOrientationPortraitUpsideDown";
				LD_RUNPATH_SEARCH_PATHS = (
					"$(inherited)",
					"@executable_path/Frameworks",
				);
				MARKETING_VERSION = 1.0;
				PRODUCT_BUNDLE_IDENTIFIER = com.example.TrendingMovies;
				PRODUCT_NAME = "$(TARGET_NAME)";
				SWIFT_EMIT_LOC_STRINGS = YES;
				SWIFT_VERSION = 5.0;
				TARGETED_DEVICE_FAMILY = "1,2";
			};
			name = Release;
		};
		EC9D23D92B30CE25008E5A0D /* Debug */ = {
			isa = XCBuildConfiguration;
			buildSettings = {
				ALWAYS_EMBED_SWIFT_STANDARD_LIBRARIES = YES;
				BUNDLE_LOADER = "$(TEST_HOST)";
				CODE_SIGN_STYLE = Automatic;
				CURRENT_PROJECT_VERSION = 1;
				DEVELOPMENT_TEAM = PQVP6Z8X66;
				GENERATE_INFOPLIST_FILE = YES;
				IPHONEOS_DEPLOYMENT_TARGET = 15.0;
				MARKETING_VERSION = 1.0;
				PRODUCT_BUNDLE_IDENTIFIER = com.example.TrendingMoviesTests;
				PRODUCT_NAME = "$(TARGET_NAME)";
				SWIFT_EMIT_LOC_STRINGS = NO;
				SWIFT_VERSION = 5.0;
				TARGETED_DEVICE_FAMILY = "1,2";
				TEST_HOST = "$(BUILT_PRODUCTS_DIR)/TrendingMovies.app/$(BUNDLE_EXECUTABLE_FOLDER_PATH)/TrendingMovies";
			};
			name = Debug;
		};
		EC9D23DA2B30CE25008E5A0D /* Release */ = {
			isa = XCBuildConfiguration;
			buildSettings = {
				ALWAYS_EMBED_SWIFT_STANDARD_LIBRARIES = YES;
				BUNDLE_LOADER = "$(TEST_HOST)";
				CODE_SIGN_STYLE = Automatic;
				CURRENT_PROJECT_VERSION = 1;
				DEVELOPMENT_TEAM = PQVP6Z8X66;
				GENERATE_INFOPLIST_FILE = YES;
				IPHONEOS_DEPLOYMENT_TARGET = 15.0;
				MARKETING_VERSION = 1.0;
				PRODUCT_BUNDLE_IDENTIFIER = com.example.TrendingMoviesTests;
				PRODUCT_NAME = "$(TARGET_NAME)";
				SWIFT_EMIT_LOC_STRINGS = NO;
				SWIFT_VERSION = 5.0;
				TARGETED_DEVICE_FAMILY = "1,2";
				TEST_HOST = "$(BUILT_PRODUCTS_DIR)/TrendingMovies.app/$(BUNDLE_EXECUTABLE_FOLDER_PATH)/TrendingMovies";
			};
			name = Release;
		};
		EC9D23DC2B30CE25008E5A0D /* Debug */ = {
			isa = XCBuildConfiguration;
			buildSettings = {
				ALWAYS_EMBED_SWIFT_STANDARD_LIBRARIES = YES;
				CODE_SIGN_STYLE = Automatic;
				CURRENT_PROJECT_VERSION = 1;
				DEVELOPMENT_TEAM = PQVP6Z8X66;
				GENERATE_INFOPLIST_FILE = YES;
				IPHONEOS_DEPLOYMENT_TARGET = 15.0;
				MARKETING_VERSION = 1.0;
				PRODUCT_BUNDLE_IDENTIFIER = com.example.TrendingMoviesUITests;
				PRODUCT_NAME = "$(TARGET_NAME)";
				SWIFT_EMIT_LOC_STRINGS = NO;
				SWIFT_VERSION = 5.0;
				TARGETED_DEVICE_FAMILY = "1,2";
				TEST_TARGET_NAME = TrendingMovies;
			};
			name = Debug;
		};
		EC9D23DD2B30CE25008E5A0D /* Release */ = {
			isa = XCBuildConfiguration;
			buildSettings = {
				ALWAYS_EMBED_SWIFT_STANDARD_LIBRARIES = YES;
				CODE_SIGN_STYLE = Automatic;
				CURRENT_PROJECT_VERSION = 1;
				DEVELOPMENT_TEAM = PQVP6Z8X66;
				GENERATE_INFOPLIST_FILE = YES;
				IPHONEOS_DEPLOYMENT_TARGET = 15.0;
				MARKETING_VERSION = 1.0;
				PRODUCT_BUNDLE_IDENTIFIER = com.example.TrendingMoviesUITests;
				PRODUCT_NAME = "$(TARGET_NAME)";
				SWIFT_EMIT_LOC_STRINGS = NO;
				SWIFT_VERSION = 5.0;
				TARGETED_DEVICE_FAMILY = "1,2";
				TEST_TARGET_NAME = TrendingMovies;
			};
			name = Release;
		};
/* End XCBuildConfiguration section */

/* Begin XCConfigurationList section */
		EC9D23AC2B30CE23008E5A0D /* Build configuration list for PBXProject "TrendingMovies" */ = {
			isa = XCConfigurationList;
			buildConfigurations = (
				EC9D23D32B30CE25008E5A0D /* Debug */,
				EC9D23D42B30CE25008E5A0D /* Release */,
			);
			defaultConfigurationIsVisible = 0;
			defaultConfigurationName = Release;
		};
		EC9D23D52B30CE25008E5A0D /* Build configuration list for PBXNativeTarget "TrendingMovies" */ = {
			isa = XCConfigurationList;
			buildConfigurations = (
				EC9D23D62B30CE25008E5A0D /* Debug */,
				EC9D23D72B30CE25008E5A0D /* Release */,
			);
			defaultConfigurationIsVisible = 0;
			defaultConfigurationName = Release;
		};
		EC9D23D82B30CE25008E5A0D /* Build configuration list for PBXNativeTarget "TrendingMoviesTests" */ = {
			isa = XCConfigurationList;
			buildConfigurations = (
				EC9D23D92B30CE25008E5A0D /* Debug */,
				EC9D23DA2B30CE25008E5A0D /* Release */,
			);
			defaultConfigurationIsVisible = 0;
			defaultConfigurationName = Release;
		};
		EC9D23DB2B30CE25008E5A0D /* Build configuration list for PBXNativeTarget "TrendingMoviesUITests" */ = {
			isa = XCConfigurationList;
			buildConfigurations = (
				EC9D23DC2B30CE25008E5A0D /* Debug */,
				EC9D23DD2B30CE25008E5A0D /* Release */,
			);
			defaultConfigurationIsVisible = 0;
			defaultConfigurationName = Release;
		};
/* End XCConfigurationList section */
	};
	rootObject = EC9D23A92B30CE23008E5A0D /* Project object */;
}
